
Microsoft Visual Studio Solution File, Format Version 12.00
# Visual Studio Version 16
VisualStudioVersion = 25.0.1705.4
MinimumVisualStudioVersion = 10.0.40219.1
Project("{FAE04EC0-301F-11D3-BF4B-00C04F79EFBC}") = "MagicVilla_VillaAPI", "MagicVilla_VillaAPI\MagicVilla_VillaAPI.csproj", "{A5C464A2-D1AD-4F49-A1EB-2ABA3D7EB4D8}"
EndProject
Global
	GlobalSection(SolutionConfigurationPlatforms) = preSolution
		Debug|Any CPU = Debug|Any CPU
		Release|Any CPU = Release|Any CPU
	EndGlobalSection
	GlobalSection(ProjectConfigurationPlatforms) = postSolution
		{A5C464A2-D1AD-4F49-A1EB-2ABA3D7EB4D8}.Debug|Any CPU.ActiveCfg = Debug|Any CPU
		{A5C464A2-D1AD-4F49-A1EB-2ABA3D7EB4D8}.Debug|Any CPU.Build.0 = Debug|Any CPU
		{A5C464A2-D1AD-4F49-A1EB-2ABA3D7EB4D8}.Release|Any CPU.ActiveCfg = Release|Any CPU
		{A5C464A2-D1AD-4F49-A1EB-2ABA3D7EB4D8}.Release|Any CPU.Build.0 = Release|Any CPU
	EndGlobalSection
	GlobalSection(SolutionProperties) = preSolution
		HideSolutionNode = FALSE
	EndGlobalSection
	GlobalSection(ExtensibilityGlobals) = postSolution
		SolutionGuid = {1649A3EE-7B64-4119-A241-DE8A66E18095}
	EndGlobalSection
EndGlobal
